
Microsoft Visual Studio Solution File, Format Version 12.00
# Visual Studio Version 17
VisualStudioVersion = 17.0.31903.59
MinimumVisualStudioVersion = 10.0.40219.1
Project("{2150E333-8FDC-42A3-9474-1A3956D46DE8}") = "src", "src", "{827E0CD3-B72D-47B6-A68D-7590B98EB39B}"
EndProject
Project("{FAE04EC0-301F-11D3-BF4B-00C04F79EFBC}") = "Core.Domain", "src\Core.Domain\Core.Domain.csproj", "{1693830C-1552-4825-A76C-D8A4C67ED34E}"
EndProject
Project("{FAE04EC0-301F-11D3-BF4B-00C04F79EFBC}") = "Core.Application", "src\Core.Application\Core.Application.csproj", "{59F2CFDC-CB75-4E1A-8B09-6E35BF19833A}"
EndProject
Project("{FAE04EC0-301F-11D3-BF4B-00C04F79EFBC}") = "Infrastructure", "src\Infrastructure\Infrastructure.csproj", "{AE090F36-A391-4C8F-8676-B3F1DA3EF5B5}"
EndProject
Project("{FAE04EC0-301F-11D3-BF4B-00C04F79EFBC}") = "API", "src\API\API.csproj", "{17AE746F-BD5D-4E33-8E06-87E33B827812}"
EndProject
Project("{2150E333-8FDC-42A3-9474-1A3956D46DE8}") = "tests", "tests", "{0AB3BF05-4346-4AA6-1389-037BE0695223}"
EndProject
Project("{FAE04EC0-301F-11D3-BF4B-00C04F79EFBC}") = "Application.Tests", "tests\Application.Tests\Application.Tests.csproj", "{30D9A02D-602B-4AAA-AA30-A3C130F476A8}"
EndProject
Project("{2150E333-8FDC-42A3-9474-1A3956D46DE8}") = "Solution Items", "Solution Items", "{02EA681E-C7D8-13C7-8484-4AC65E1B71E8}"
	ProjectSection(SolutionItems) = preProject
		.editorconfig = .editorconfig
	EndProjectSection
EndProject
Global
	GlobalSection(SolutionConfigurationPlatforms) = preSolution
		Debug|Any CPU = Debug|Any CPU
		Debug|x64 = Debug|x64
		Debug|x86 = Debug|x86
		Release|Any CPU = Release|Any CPU
		Release|x64 = Release|x64
		Release|x86 = Release|x86
	EndGlobalSection
	GlobalSection(ProjectConfigurationPlatforms) = postSolution
		{1693830C-1552-4825-A76C-D8A4C67ED34E}.Debug|Any CPU.ActiveCfg = Debug|Any CPU
		{1693830C-1552-4825-A76C-D8A4C67ED34E}.Debug|Any CPU.Build.0 = Debug|Any CPU
		{1693830C-1552-4825-A76C-D8A4C67ED34E}.Debug|x64.ActiveCfg = Debug|Any CPU
		{1693830C-1552-4825-A76C-D8A4C67ED34E}.Debug|x64.Build.0 = Debug|Any CPU
		{1693830C-1552-4825-A76C-D8A4C67ED34E}.Debug|x86.ActiveCfg = Debug|Any CPU
		{1693830C-1552-4825-A76C-D8A4C67ED34E}.Debug|x86.Build.0 = Debug|Any CPU
		{1693830C-1552-4825-A76C-D8A4C67ED34E}.Release|Any CPU.ActiveCfg = Release|Any CPU
		{1693830C-1552-4825-A76C-D8A4C67ED34E}.Release|Any CPU.Build.0 = Release|Any CPU
		{1693830C-1552-4825-A76C-D8A4C67ED34E}.Release|x64.ActiveCfg = Release|Any CPU
		{1693830C-1552-4825-A76C-D8A4C67ED34E}.Release|x64.Build.0 = Release|Any CPU
		{1693830C-1552-4825-A76C-D8A4C67ED34E}.Release|x86.ActiveCfg = Release|Any CPU
		{1693830C-1552-4825-A76C-D8A4C67ED34E}.Release|x86.Build.0 = Release|Any CPU
		{59F2CFDC-CB75-4E1A-8B09-6E35BF19833A}.Debug|Any CPU.ActiveCfg = Debug|Any CPU
		{59F2CFDC-CB75-4E1A-8B09-6E35BF19833A}.Debug|Any CPU.Build.0 = Debug|Any CPU
		{59F2CFDC-CB75-4E1A-8B09-6E35BF19833A}.Debug|x64.ActiveCfg = Debug|Any CPU
		{59F2CFDC-CB75-4E1A-8B09-6E35BF19833A}.Debug|x64.Build.0 = Debug|Any CPU
		{59F2CFDC-CB75-4E1A-8B09-6E35BF19833A}.Debug|x86.ActiveCfg = Debug|Any CPU
		{59F2CFDC-CB75-4E1A-8B09-6E35BF19833A}.Debug|x86.Build.0 = Debug|Any CPU
		{59F2CFDC-CB75-4E1A-8B09-6E35BF19833A}.Release|Any CPU.ActiveCfg = Release|Any CPU
		{59F2CFDC-CB75-4E1A-8B09-6E35BF19833A}.Release|Any CPU.Build.0 = Release|Any CPU
		{59F2CFDC-CB75-4E1A-8B09-6E35BF19833A}.Release|x64.ActiveCfg = Release|Any CPU
		{59F2CFDC-CB75-4E1A-8B09-6E35BF19833A}.Release|x64.Build.0 = Release|Any CPU
		{59F2CFDC-CB75-4E1A-8B09-6E35BF19833A}.Release|x86.ActiveCfg = Release|Any CPU
		{59F2CFDC-CB75-4E1A-8B09-6E35BF19833A}.Release|x86.Build.0 = Release|Any CPU
		{AE090F36-A391-4C8F-8676-B3F1DA3EF5B5}.Debug|Any CPU.ActiveCfg = Debug|Any CPU
		{AE090F36-A391-4C8F-8676-B3F1DA3EF5B5}.Debug|Any CPU.Build.0 = Debug|Any CPU
		{AE090F36-A391-4C8F-8676-B3F1DA3EF5B5}.Debug|x64.ActiveCfg = Debug|Any CPU
		{AE090F36-A391-4C8F-8676-B3F1DA3EF5B5}.Debug|x64.Build.0 = Debug|Any CPU
		{AE090F36-A391-4C8F-8676-B3F1DA3EF5B5}.Debug|x86.ActiveCfg = Debug|Any CPU
		{AE090F36-A391-4C8F-8676-B3F1DA3EF5B5}.Debug|x86.Build.0 = Debug|Any CPU
		{AE090F36-A391-4C8F-8676-B3F1DA3EF5B5}.Release|Any CPU.ActiveCfg = Release|Any CPU
		{AE090F36-A391-4C8F-8676-B3F1DA3EF5B5}.Release|Any CPU.Build.0 = Release|Any CPU
		{AE090F36-A391-4C8F-8676-B3F1DA3EF5B5}.Release|x64.ActiveCfg = Release|Any CPU
		{AE090F36-A391-4C8F-8676-B3F1DA3EF5B5}.Release|x64.Build.0 = Release|Any CPU
		{AE090F36-A391-4C8F-8676-B3F1DA3EF5B5}.Release|x86.ActiveCfg = Release|Any CPU
		{AE090F36-A391-4C8F-8676-B3F1DA3EF5B5}.Release|x86.Build.0 = Release|Any CPU
		{17AE746F-BD5D-4E33-8E06-87E33B827812}.Debug|Any CPU.ActiveCfg = Debug|Any CPU
		{17AE746F-BD5D-4E33-8E06-87E33B827812}.Debug|Any CPU.Build.0 = Debug|Any CPU
		{17AE746F-BD5D-4E33-8E06-87E33B827812}.Debug|x64.ActiveCfg = Debug|Any CPU
		{17AE746F-BD5D-4E33-8E06-87E33B827812}.Debug|x64.Build.0 = Debug|Any CPU
		{17AE746F-BD5D-4E33-8E06-87E33B827812}.Debug|x86.ActiveCfg = Debug|Any CPU
		{17AE746F-BD5D-4E33-8E06-87E33B827812}.Debug|x86.Build.0 = Debug|Any CPU
		{17AE746F-BD5D-4E33-8E06-87E33B827812}.Release|Any CPU.ActiveCfg = Release|Any CPU
		{17AE746F-BD5D-4E33-8E06-87E33B827812}.Release|Any CPU.Build.0 = Release|Any CPU
		{17AE746F-BD5D-4E33-8E06-87E33B827812}.Release|x64.ActiveCfg = Release|Any CPU
		{17AE746F-BD5D-4E33-8E06-87E33B827812}.Release|x64.Build.0 = Release|Any CPU
		{17AE746F-BD5D-4E33-8E06-87E33B827812}.Release|x86.ActiveCfg = Release|Any CPU
		{17AE746F-BD5D-4E33-8E06-87E33B827812}.Release|x86.Build.0 = Release|Any CPU
		{30D9A02D-602B-4AAA-AA30-A3C130F476A8}.Debug|Any CPU.ActiveCfg = Debug|Any CPU
		{30D9A02D-602B-4AAA-AA30-A3C130F476A8}.Debug|Any CPU.Build.0 = Debug|Any CPU
		{30D9A02D-602B-4AAA-AA30-A3C130F476A8}.Debug|x64.ActiveCfg = Debug|Any CPU
		{30D9A02D-602B-4AAA-AA30-A3C130F476A8}.Debug|x64.Build.0 = Debug|Any CPU
		{30D9A02D-602B-4AAA-AA30-A3C130F476A8}.Debug|x86.ActiveCfg = Debug|Any CPU
		{30D9A02D-602B-4AAA-AA30-A3C130F476A8}.Debug|x86.Build.0 = Debug|Any CPU
		{30D9A02D-602B-4AAA-AA30-A3C130F476A8}.Release|Any CPU.ActiveCfg = Release|Any CPU
		{30D9A02D-602B-4AAA-AA30-A3C130F476A8}.Release|Any CPU.Build.0 = Release|Any CPU
		{30D9A02D-602B-4AAA-AA30-A3C130F476A8}.Release|x64.ActiveCfg = Release|Any CPU
		{30D9A02D-602B-4AAA-AA30-A3C130F476A8}.Release|x64.Build.0 = Release|Any CPU
		{30D9A02D-602B-4AAA-AA30-A3C130F476A8}.Release|x86.ActiveCfg = Release|Any CPU
		{30D9A02D-602B-4AAA-AA30-A3C130F476A8}.Release|x86.Build.0 = Release|Any CPU
	EndGlobalSection
	GlobalSection(SolutionProperties) = preSolution
		HideSolutionNode = FALSE
	EndGlobalSection
	GlobalSection(NestedProjects) = preSolution
		{1693830C-1552-4825-A76C-D8A4C67ED34E} = {827E0CD3-B72D-47B6-A68D-7590B98EB39B}
		{59F2CFDC-CB75-4E1A-8B09-6E35BF19833A} = {827E0CD3-B72D-47B6-A68D-7590B98EB39B}
		{AE090F36-A391-4C8F-8676-B3F1DA3EF5B5} = {827E0CD3-B72D-47B6-A68D-7590B98EB39B}
		{17AE746F-BD5D-4E33-8E06-87E33B827812} = {827E0CD3-B72D-47B6-A68D-7590B98EB39B}
		{30D9A02D-602B-4AAA-AA30-A3C130F476A8} = {0AB3BF05-4346-4AA6-1389-037BE0695223}
	EndGlobalSection
EndGlobal
